
Microsoft Visual Studio Solution File, Format Version 12.00
# Visual Studio 15
VisualStudioVersion = 15.0.26124.0
MinimumVisualStudioVersion = 15.0.26124.0
Project("{2150E333-8FDC-42A3-9474-1A3956D46DE8}") = "src", "src", "{8A19BBD8-5120-40C9-A2B4-454921504948}"
EndProject
Project("{FAE04EC0-301F-11D3-BF4B-00C04F79EFBC}") = "CommandAPI", "src\CommandAPI\CommandAPI.csproj", "{B4301219-2A3A-4186-BBD1-495B28134176}"
EndProject
Project("{2150E333-8FDC-42A3-9474-1A3956D46DE8}") = "test", "test", "{424377A5-56D9-46B1-9D95-440345B944BC}"
EndProject
Project("{FAE04EC0-301F-11D3-BF4B-00C04F79EFBC}") = "CommandAPI.Tests", "test\CommandAPI.Tests\CommandAPI.Tests.csproj", "{80D00714-33BA-428A-8413-9E300DE51E85}"
EndProject
Global
	GlobalSection(SolutionConfigurationPlatforms) = preSolution
		Debug|Any CPU = Debug|Any CPU
		Debug|x64 = Debug|x64
		Debug|x86 = Debug|x86
		Release|Any CPU = Release|Any CPU
		Release|x64 = Release|x64
		Release|x86 = Release|x86
	EndGlobalSection
	GlobalSection(SolutionProperties) = preSolution
		HideSolutionNode = FALSE
	EndGlobalSection
	GlobalSection(ProjectConfigurationPlatforms) = postSolution
		{B4301219-2A3A-4186-BBD1-495B28134176}.Debug|Any CPU.ActiveCfg = Debug|Any CPU
		{B4301219-2A3A-4186-BBD1-495B28134176}.Debug|Any CPU.Build.0 = Debug|Any CPU
		{B4301219-2A3A-4186-BBD1-495B28134176}.Debug|x64.ActiveCfg = Debug|Any CPU
		{B4301219-2A3A-4186-BBD1-495B28134176}.Debug|x64.Build.0 = Debug|Any CPU
		{B4301219-2A3A-4186-BBD1-495B28134176}.Debug|x86.ActiveCfg = Debug|Any CPU
		{B4301219-2A3A-4186-BBD1-495B28134176}.Debug|x86.Build.0 = Debug|Any CPU
		{B4301219-2A3A-4186-BBD1-495B28134176}.Release|Any CPU.ActiveCfg = Release|Any CPU
		{B4301219-2A3A-4186-BBD1-495B28134176}.Release|Any CPU.Build.0 = Release|Any CPU
		{B4301219-2A3A-4186-BBD1-495B28134176}.Release|x64.ActiveCfg = Release|Any CPU
		{B4301219-2A3A-4186-BBD1-495B28134176}.Release|x64.Build.0 = Release|Any CPU
		{B4301219-2A3A-4186-BBD1-495B28134176}.Release|x86.ActiveCfg = Release|Any CPU
		{B4301219-2A3A-4186-BBD1-495B28134176}.Release|x86.Build.0 = Release|Any CPU
		{80D00714-33BA-428A-8413-9E300DE51E85}.Debug|Any CPU.ActiveCfg = Debug|Any CPU
		{80D00714-33BA-428A-8413-9E300DE51E85}.Debug|Any CPU.Build.0 = Debug|Any CPU
		{80D00714-33BA-428A-8413-9E300DE51E85}.Debug|x64.ActiveCfg = Debug|Any CPU
		{80D00714-33BA-428A-8413-9E300DE51E85}.Debug|x64.Build.0 = Debug|Any CPU
		{80D00714-33BA-428A-8413-9E300DE51E85}.Debug|x86.ActiveCfg = Debug|Any CPU
		{80D00714-33BA-428A-8413-9E300DE51E85}.Debug|x86.Build.0 = Debug|Any CPU
		{80D00714-33BA-428A-8413-9E300DE51E85}.Release|Any CPU.ActiveCfg = Release|Any CPU
		{80D00714-33BA-428A-8413-9E300DE51E85}.Release|Any CPU.Build.0 = Release|Any CPU
		{80D00714-33BA-428A-8413-9E300DE51E85}.Release|x64.ActiveCfg = Release|Any CPU
		{80D00714-33BA-428A-8413-9E300DE51E85}.Release|x64.Build.0 = Release|Any CPU
		{80D00714-33BA-428A-8413-9E300DE51E85}.Release|x86.ActiveCfg = Release|Any CPU
		{80D00714-33BA-428A-8413-9E300DE51E85}.Release|x86.Build.0 = Release|Any CPU
	EndGlobalSection
	GlobalSection(NestedProjects) = preSolution
		{B4301219-2A3A-4186-BBD1-495B28134176} = {8A19BBD8-5120-40C9-A2B4-454921504948}
		{80D00714-33BA-428A-8413-9E300DE51E85} = {424377A5-56D9-46B1-9D95-440345B944BC}
	EndGlobalSection
EndGlobal
